
Microsoft Visual Studio Solution File, Format Version 12.00
# Visual Studio 2013
VisualStudioVersion = 12.0.21005.1
MinimumVisualStudioVersion = 10.0.40219.1
Project("{FAE04EC0-301F-11D3-BF4B-00C04F79EFBC}") = "V1", "V1\V1.csproj", "{9B74BD68-0B06-4E18-9296-D18F0CF54BAD}"
EndProject
Project("{FAE04EC0-301F-11D3-BF4B-00C04F79EFBC}") = "EX", "EX\EX.csproj", "{2C356A74-830C-49FC-9C91-C2C51D3BA683}"
EndProject
Global
	GlobalSection(SolutionConfigurationPlatforms) = preSolution
		Debug|Any CPU = Debug|Any CPU
		Release|Any CPU = Release|Any CPU
	EndGlobalSection
	GlobalSection(ProjectConfigurationPlatforms) = postSolution
		{9B74BD68-0B06-4E18-9296-D18F0CF54BAD}.Debug|Any CPU.ActiveCfg = Debug|Any CPU
		{9B74BD68-0B06-4E18-9296-D18F0CF54BAD}.Debug|Any CPU.Build.0 = Debug|Any CPU
		{9B74BD68-0B06-4E18-9296-D18F0CF54BAD}.Release|Any CPU.ActiveCfg = Release|Any CPU
		{9B74BD68-0B06-4E18-9296-D18F0CF54BAD}.Release|Any CPU.Build.0 = Release|Any CPU
		{2C356A74-830C-49FC-9C91-C2C51D3BA683}.Debug|Any CPU.ActiveCfg = Debug|Any CPU
		{2C356A74-830C-49FC-9C91-C2C51D3BA683}.Debug|Any CPU.Build.0 = Debug|Any CPU
		{2C356A74-830C-49FC-9C91-C2C51D3BA683}.Release|Any CPU.ActiveCfg = Release|Any CPU
		{2C356A74-830C-49FC-9C91-C2C51D3BA683}.Release|Any CPU.Build.0 = Release|Any CPU
	EndGlobalSection
	GlobalSection(SolutionProperties) = preSolution
		HideSolutionNode = FALSE
	EndGlobalSection
EndGlobal
